{
  "name": "sawissac.github.io",
  "lockfileVersion": 2,
  "requires": true,
  "packages": {
    "": {
      "dependencies": {
        "blobity": "^0.1.7",
        "cursor-dot": "^1.0.5"
      }
    },
    "node_modules/blobity": {
      "version": "0.1.7",
      "resolved": "https://registry.npmjs.org/blobity/-/blobity-0.1.7.tgz",
      "integrity": "sha512-4pIUWS99ldLtCSKDAwaz3SqGH4ExfaUo8Bq8BXNKPyvR3z6gyr8G4uHvV/exwu2OOyBser+vIXMMeC1l1kNWiQ==",
      "dependencies": {
        "kinet": "^2.2.1",
        "lodash": "^4.17.21"
      },
      "peerDependencies": {
        "react": "^16.8.0 || ^17.0.0 || ^18.0.0"
      }
    },
    "node_modules/cursor-dot": {
      "version": "1.0.5",
      "resolved": "https://registry.npmjs.org/cursor-dot/-/cursor-dot-1.0.5.tgz",
      "integrity": "sha512-2pJ6G+h2zaY1O1jMV5+BxyZUozjfmCT2y9b580KpyIPY2yWv7ICBooQGO+DVd6ZzQvoNQ8jOdQxDPshL9370xg=="
    },
    "node_modules/js-tokens": {
      "version": "4.0.0",
      "resolved": "https://registry.npmjs.org/js-tokens/-/js-tokens-4.0.0.tgz",
      "integrity": "sha512-RdJUflcE3cUzKiMqQgsCu06FPu9UdIJO0beYbPhHN4k6apgJtifcoCtT9bcxOpYBtpD2kCM6Sbzg4CausW/PKQ==",
      "peer": true
    },
    "node_modules/kinet": {
      "version": "2.2.1",
      "resolved": "https://registry.npmjs.org/kinet/-/kinet-2.2.1.tgz",
      "integrity": "sha512-UmnTPmnEokjxBeB3gPkOnTwRlIUaAeB+t21E+HJGzRKCGdJTUF3CTztK5yzzEuBQ1BZ0I0ovrY73+ctpPWFIOg=="
    },
    "node_modules/lodash": {
      "version": "4.17.21",
      "resolved": "https://registry.npmjs.org/lodash/-/lodash-4.17.21.tgz",
      "integrity": "sha512-v2kDEe57lecTulaDIuNTPy3Ry4gLGJ6Z1O3vE1krgXZNrsQ+LFTGHVxVjcXPs17LhbZVGedAJv8XZ1tvj5FvSg=="
    },
    "node_modules/loose-envify": {
      "version": "1.4.0",
      "resolved": "https://registry.npmjs.org/loose-envify/-/loose-envify-1.4.0.tgz",
      "integrity": "sha512-lyuxPGr/Wfhrlem2CL/UcnUc1zcqKAImBDzukY7Y5F/yQiNdko6+fRLevlw1HgMySw7f611UIY408EtxRSoK3Q==",
      "peer": true,
      "dependencies": {
        "js-tokens": "^3.0.0 || ^4.0.0"
      },
      "bin": {
        "loose-envify": "cli.js"
      }
    },
    "node_modules/react": {
      "version": "18.1.0",
      "resolved": "https://registry.npmjs.org/react/-/react-18.1.0.tgz",
      "integrity": "sha512-4oL8ivCz5ZEPyclFQXaNksK3adutVS8l2xzZU0cqEFrE9Sb7fC0EFK5uEk74wIreL1DERyjvsU915j1pcT2uEQ==",
      "peer": true,
      "dependencies": {
        "loose-envify": "^1.1.0"
      },
      "engines": {
        "node": ">=0.10.0"
      }
    }
  },
  "dependencies": {
    "blobity": {
      "version": "0.1.7",
      "resolved": "https://registry.npmjs.org/blobity/-/blobity-0.1.7.tgz",
      "integrity": "sha512-4pIUWS99ldLtCSKDAwaz3SqGH4ExfaUo8Bq8BXNKPyvR3z6gyr8G4uHvV/exwu2OOyBser+vIXMMeC1l1kNWiQ==",
      "requires": {
        "kinet": "^2.2.1",
        "lodash": "^4.17.21"
      }
    },
    "cursor-dot": {
      "version": "1.0.5",
      "resolved": "https://registry.npmjs.org/cursor-dot/-/cursor-dot-1.0.5.tgz",
      "integrity": "sha512-2pJ6G+h2zaY1O1jMV5+BxyZUozjfmCT2y9b580KpyIPY2yWv7ICBooQGO+DVd6ZzQvoNQ8jOdQxDPshL9370xg=="
    },
    "js-tokens": {
      "version": "4.0.0",
      "resolved": "https://registry.npmjs.org/js-tokens/-/js-tokens-4.0.0.tgz",
      "integrity": "sha512-RdJUflcE3cUzKiMqQgsCu06FPu9UdIJO0beYbPhHN4k6apgJtifcoCtT9bcxOpYBtpD2kCM6Sbzg4CausW/PKQ==",
      "peer": true
    },
    "kinet": {
      "version": "2.2.1",
      "resolved": "https://registry.npmjs.org/kinet/-/kinet-2.2.1.tgz",
      "integrity": "sha512-UmnTPmnEokjxBeB3gPkOnTwRlIUaAeB+t21E+HJGzRKCGdJTUF3CTztK5yzzEuBQ1BZ0I0ovrY73+ctpPWFIOg=="
    },
    "lodash": {
      "version": "4.17.21",
      "resolved": "https://registry.npmjs.org/lodash/-/lodash-4.17.21.tgz",
      "integrity": "sha512-v2kDEe57lecTulaDIuNTPy3Ry4gLGJ6Z1O3vE1krgXZNrsQ+LFTGHVxVjcXPs17LhbZVGedAJv8XZ1tvj5FvSg=="
    },
    "loose-envify": {
      "version": "1.4.0",
      "resolved": "https://registry.npmjs.org/loose-envify/-/loose-envify-1.4.0.tgz",
      "integrity": "sha512-lyuxPGr/Wfhrlem2CL/UcnUc1zcqKAImBDzukY7Y5F/yQiNdko6+fRLevlw1HgMySw7f611UIY408EtxRSoK3Q==",
      "peer": true,
      "requires": {
        "js-tokens": "^3.0.0 || ^4.0.0"
      }
    },
    "react": {
      "version": "18.1.0",
      "resolved": "https://registry.npmjs.org/react/-/react-18.1.0.tgz",
      "integrity": "sha512-4oL8ivCz5ZEPyclFQXaNksK3adutVS8l2xzZU0cqEFrE9Sb7fC0EFK5uEk74wIreL1DERyjvsU915j1pcT2uEQ==",
      "peer": true,
      "requires": {
        "loose-envify": "^1.1.0"
      }
    }
  }
}
